
Microsoft Visual Studio Solution File, Format Version 11.00
# Visual Studio 2010
Project("{FAE04EC0-301F-11D3-BF4B-00C04F79EFBC}") = "Assembly-CSharp", "Assembly-CSharp.csproj", "{EAEC10AA-B96A-4413-93B4-E24DA0428197}"
EndProject
Global
	GlobalSection(SolutionConfigurationPlatforms) = preSolution
		Debug|Any CPU = Debug|Any CPU
		Release|Any CPU = Release|Any CPU
	EndGlobalSection
	GlobalSection(ProjectConfigurationPlatforms) = postSolution
		{EAEC10AA-B96A-4413-93B4-E24DA0428197}.Debug|Any CPU.ActiveCfg = Debug|Any CPU
		{EAEC10AA-B96A-4413-93B4-E24DA0428197}.Debug|Any CPU.Build.0 = Debug|Any CPU
		{EAEC10AA-B96A-4413-93B4-E24DA0428197}.Release|Any CPU.ActiveCfg = Release|Any CPU
		{EAEC10AA-B96A-4413-93B4-E24DA0428197}.Release|Any CPU.Build.0 = Release|Any CPU
	EndGlobalSection
	GlobalSection(SolutionProperties) = preSolution
		HideSolutionNode = FALSE
	EndGlobalSection
EndGlobal
